github.com/LNOpenMetrics/lnmetrics.utils v0.0.0-20211109065240-8b2308c6c67a h1:7iW63gQpyrTJiw1tIrZKomXSGIRrOwDrVKssMEESh8E=
github.com/LNOpenMetrics/lnmetrics.utils v0.0.0-20211109065240-8b2308c6c67a/go.mod h1:6PC0XEUljl08AHdHdMQtR2tGJ1o9Jzg8yt7nioTnlE4=
github.com/LNOpenMetrics/lnmetrics.utils v0.0.0-20211111065808-b086ef397a1d h1:C/UZkW5fWKce0gyH7RoxYKJkXdLjJ/r5Lk/GrKLQZgg=
github.com/LNOpenMetrics/lnmetrics.utils v0.0.0-20211111065808-b086ef397a1d/go.mod h1:6PC0XEUljl08AHdHdMQtR2tGJ1o9Jzg8yt7nioTnlE4=
github.com/LNOpenMetrics/lnmetrics.utils v0.0.2 h1:USJE6C1dhiNUjiQ29iQ3MHxxZt9Y0atpt1VZ4M9vJbM=
github.com/LNOpenMetrics/lnmetrics.utils v0.0.2/go.mod h1:6PC0XEUljl08AHdHdMQtR2tGJ1o9Jzg8yt7nioTnlE4=
github.com/LNOpenMetrics/lnmetrics.utils v0.0.3 h1:emd43at2elU8FDAeJhTDNkMF1/cbYR0lFS0iyka34Go=
github.com/LNOpenMetrics/lnmetrics.utils v0.0.3/go.mod h1:6PC0XEUljl08AHdHdMQtR2tGJ1o9Jzg8yt7nioTnlE4=
github.com/LNOpenMetrics/lnmetrics.utils v0.0.6 h1:fO6nTbMsLzJDEHRRfyS+QUSEzmyXHCaOWOpmttlYGrE=
github.com/LNOpenMetrics/lnmetrics.utils v0.0.6/go.mod h1:6PC0XEUljl08AHdHdMQtR2tGJ1o9Jzg8yt7nioTnlE4=
github.com/LNOpenMetrics/lnmetrics.utils v0.0.7 h1:iLorvC+QIkkiXztqwGe6lcNws3wiRhx38i/9y4Erf68=
github.com/LNOpenMetrics/lnmetrics.utils v0.0.7/go.mod h1:6PC0XEUljl08AHdHdMQtR2tGJ1o9Jzg8yt7nioTnlE4=
github.com/LNOpenMetrics/lnmetrics.utils v0.0.9 h1:1J3IR7BfJ/b495gMbckBs1a2MPWju/x3Vbhpp7BWriY=
github.com/LNOpenMetrics/lnmetrics.utils v0.0.9/go.mod h1:oAoVWZLOyx78lI3rQihZ+QZpGwlZEJvwoVXyt4vcmoA=
github.com/davecgh/go-spew v1.1.0/go.mod h1:J7Y8YcW2NihsgmVo/mv3lAwl/skON4iLHjSsI+c5H38=
github.com/davecgh/go-spew v1.1.1 h1:vj9j/u1bqnvCEfJOwUhtlOARqs3+rkHYY13jYWTU97c=
github.com/davecgh/go-spew v1.1.1/go.mod h1:J7Y8YcW2NihsgmVo/mv3lAwl/skON4iLHjSsI+c5H38=
github.com/elastic/go-sysinfo v1.7.1 h1:Wx4DSARcKLllpKT2TnFVdSUJOsybqMYCNQZq1/wO+s0=
github.com/elastic/go-sysinfo v1.7.1/go.mod h1:i1ZYdU10oLNfRzq4vq62BEwD2fH8KaWh6eh0ikPT9F0=
github.com/elastic/go-sysinfo v1.8.1 h1:4Yhj+HdV6WjbCRgGdZpPJ8lZQlXZLKDAeIkmQ/VRvi4=
github.com/elastic/go-sysinfo v1.8.1/go.mod h1:JfllUnzoQV/JRYymbH3dO1yggI3mV2oTKSXsDHM+uIM=
github.com/elastic/go-windows v1.0.0 h1:qLURgZFkkrYyTTkvYpsZIgf83AUsdIHfvlJaqaZ7aSY=
github.com/elastic/go-windows v1.0.0/go.mod h1:TsU0Nrp7/y3+VwE82FoZF8gC/XFg/Elz6CcloAxnPgU=
github.com/elastic/go-windows v1.0.1 h1:AlYZOldA+UJ0/2nBuqWdo90GFCgG9xuyw9SYzGUtJm0=
github.com/elastic/go-windows v1.0.1/go.mod h1:FoVvqWSun28vaDQPbj2Elfc0JahhPB7WQEGa3c814Ss=
github.com/fsnotify/fsnotify v1.4.7/go.mod h1:jwhsz4b93w/PPRr/qN1Yymfu8t87LnFCMoQvtojpjFo=
github.com/golang/protobuf v1.2.0/go.mod h1:6lQm79b+lXiMfvg/cZm0SGofjICqVBUtrP5yJMmIC1U=
github.com/golang/snappy v0.0.0-20180518054509-2e65f85255db h1:woRePGFeVFfLKN/pOkfl+p/TAqKOfFu+7KPlMVpok/w=
github.com/golang/snappy v0.0.0-20180518054509-2e65f85255db/go.mod h1:/XxbfmMg8lxefKM7IXC3fBNl/7bRcc72aCRzEWrmP2Q=
github.com/golang/snappy v0.0.4 h1:yAGX7huGHXlcLOEtBnF4w7FQwA26wojNCwOYAEhLjQM=
github.com/golang/snappy v0.0.4/go.mod h1:/XxbfmMg8lxefKM7IXC3fBNl/7bRcc72aCRzEWrmP2Q=
github.com/google/go-cmp v0.5.4/go.mod h1:v8dTdLbMG2kIc/vJvl+f65V22dbkXbowE6jgT/gNBxE=
github.com/hpcloud/tail v1.0.0/go.mod h1:ab1qPbhIpdTxEkNHXyeSf5vhxWSCs/tWer42PpOxQnU=
github.com/jessevdk/go-flags v1.4.0/go.mod h1:4FA24M0QyGHXBuZZK/XkWh8h0e1EYbRYJSGM75WSRxI=
github.com/joeshaw/multierror v0.0.0-20140124173710-69b34d4ec901 h1:rp+c0RAYOWj8l6qbCUTSiRLG/iKnW3K3/QfPPuSsBt4=
github.com/joeshaw/multierror v0.0.0-20140124173710-69b34d4ec901/go.mod h1:Z86h9688Y0wesXCyonoVr47MasHilkuLMqGhRZ4Hpak=
github.com/kinbiko/jsonassert v1.0.2 h1:UzNDYv5K8UsSHXS3Opsf0ZNz2NQCHl96OC3dlTytUtE=
github.com/kinbiko/jsonassert v1.0.2/go.mod h1:QRwBwiAsrcJpjw+L+Q4WS8psLxuUY+HylVZS/4j74TM=
github.com/kinbiko/jsonassert v1.1.0 h1:AakKgkRFsuzE1FNLYrcxTI7ga5YYcbujOUbSf8l+WmU=
github.com/kinbiko/jsonassert v1.1.0/go.mod h1:QRwBwiAsrcJpjw+L+Q4WS8psLxuUY+HylVZS/4j74TM=
github.com/kr/pretty v0.1.0/go.mod h1:dAy3ld7l9f0ibDNOQOHHMYYIIbhfbHSm3C4ZsoJORNo=
github.com/kr/pty v1.1.1/go.mod h1:pFQYn66WHrOpPYNljwOMqo10TkYh1fy3cYio2l3bCsQ=
github.com/kr/text v0.1.0/go.mod h1:4Jbv+DJW3UT/LiOwJeYQe1efqtUx/iVham/4vfdArNI=
github.com/niftynei/glightning v0.8.2 h1:UySBoNya9BbrL9qrWG0sw7vY5MMtireo4mnN9dJ+GJY=
github.com/niftynei/glightning v0.8.2/go.mod h1:nOHtsM1ZfMwOxwl6LE72U611ozP+IBj/xVkJ+9vwtd4=
github.com/onsi/ginkgo v1.6.0/go.mod h1:lLunBs/Ym6LB5Z9jYTR76FiuTmxDTDusOGeTQH+WWjE=
github.com/onsi/ginkgo v1.7.0/go.mod h1:lLunBs/Ym6LB5Z9jYTR76FiuTmxDTDusOGeTQH+WWjE=
github.com/onsi/gomega v1.4.3/go.mod h1:ex+gbHU/CVuBBDIJjb2X0qEXbFg53c61hWP/1CpauHY=
github.com/pkg/errors v0.8.1 h1:iURUrRGxPUNPdy5/HRSm+Yj6okJ6UtLINN0Q9M4+h3I=
github.com/pkg/errors v0.8.1/go.mod h1:bwawxfHBFNV+L2hUp1rHADufV3IMtnDRdf1r5NINEl0=
github.com/pkg/errors v0.9.1 h1:FEBLx1zS214owpjy7qsBeixbURkuhQAwrK5UwLGTwt4=
github.com/pkg/errors v0.9.1/go.mod h1:bwawxfHBFNV+L2hUp1rHADufV3IMtnDRdf1r5NINEl0=
github.com/pmezard/go-difflib v1.0.0 h1:4DBwDE0NGyQoBHbLQYPwSUPoCMWR5BEzIk/f1lZbAQM=
github.com/pmezard/go-difflib v1.0.0/go.mod h1:iKH77koFhYxTK1pcRnkKkqfTogsbg7gZNVY4sRDYZ/4=
github.com/prometheus/procfs v0.0.0-20190425082905-87a4384529e0 h1:c8R11WC8m7KNMkTv/0+Be8vvwo4I3/Ut9AC2FW8fX3U=
github.com/prometheus/procfs v0.0.0-20190425082905-87a4384529e0/go.mod h1:TjEm7ze935MbeOT/UhFTIMYKhuLP4wbCsTZCD3I8kEA=
github.com/prometheus/procfs v0.7.3 h1:4jVXhlkAyzOScmCkXBTOLRLTz8EeU+eyjrwB/EPq0VU=
github.com/prometheus/procfs v0.7.3/go.mod h1:cz+aTbrPOrUb4q7XlbU9ygM+/jj0fzG6c1xBZuNvfVA=
github.com/robfig/cron/v3 v3.0.1 h1:WdRxkvbJztn8LMz/QEvLN5sBU+xKpSqwwUO1Pjr4qDs=
github.com/robfig/cron/v3 v3.0.1/go.mod h1:eQICP3HwyT7UooqI/z+Ov+PtYAWygg1TEWWzGIFLtro=
github.com/sirupsen/logrus v1.8.1 h1:dJKuHgqk1NNQlqoA6BTlM1Wf9DOH3NBjQyu0h9+AZZE=
github.com/sirupsen/logrus v1.8.1/go.mod h1:yWOB1SBYBC5VeMP7gHvWumXLIWorT60ONWic61uBYv0=
github.com/sirupsen/logrus v1.9.0 h1:trlNQbNUG3OdDrDil03MCb1H2o9nJ1x4/5LYw7byDE0=
github.com/sirupsen/logrus v1.9.0/go.mod h1:naHLuLoDiP4jHNo9R0sCBMtWGeIprob74mVsIT4qYEQ=
github.com/stretchr/objx v0.1.0 h1:4G4v2dO3VZwixGIRoQ5Lfboy6nUhCyYzaqnIAPPhYs4=
github.com/stretchr/objx v0.1.0/go.mod h1:HFkY916IF+rwdDfMAkV7OtwuqBVzrE8GR6GFx+wExME=
github.com/stretchr/testify v1.2.2/go.mod h1:a8OnRcib4nhh0OaRAV+Yts87kKdq0PP7pXfy6kDkUVs=
github.com/stretchr/testify v1.3.0/go.mod h1:M5WIy9Dh21IEIfnGCwXGc5bZfKNJtfHm1UVUgZn+9EI=
github.com/stretchr/testify v1.7.0 h1:nwc3DEeHmmLAfoZucVR881uASk0Mfjw8xYJ99tb5CcY=
github.com/stretchr/testify v1.7.0/go.mod h1:6Fq8oRcR53rry900zMqJjRRixrwX3KX962/h/Wwjteg=
github.com/syndtr/goleveldb v1.0.0 h1:fBdIW9lB4Iz0n9khmH8w27SJ3QEJ7+IgjPEwGSZiFdE=
github.com/syndtr/goleveldb v1.0.0/go.mod h1:ZVVdQEZoIme9iO1Ch2Jdy24qqXrMMOU6lpPAyBWyWuQ=
github.com/vincenzopalazzo/glightning v0.8.2 h1:k9UV9jH2pcinPI4Wdnz7tXTUDHqp4b0DTvBwno333dI=
github.com/vincenzopalazzo/glightning v0.8.2/go.mod h1:zNMKjmjwMOPLoeWV7/u6NgC3o/VUGha/Vb1x2AsM3T0=
github.com/vincenzopalazzo/glightning v0.8.3-0.20211003143735-95b507670bac h1:ENgsB0hQsAf2E1g+kOwcdpzErFvMYi0fMMyinCLJHzk=
github.com/vincenzopalazzo/glightning v0.8.3-0.20211003143735-95b507670bac/go.mod h1:zNMKjmjwMOPLoeWV7/u6NgC3o/VUGha/Vb1x2AsM3T0=
github.com/vincenzopalazzo/glightning v0.8.3-0.20211027092546-52b0b2cd4373 h1:pWuDyPTLlvK1YcYP0ZuZIZA86yIxODO1Dxg45bWTrdQ=
github.com/vincenzopalazzo/glightning v0.8.3-0.20211027092546-52b0b2cd4373/go.mod h1:ZxbrqNnk5I0/qZo0Xgs+8RIhLUD0qeQkhHR7lLW0MM0=
golang.org/x/net v0.0.0-20180906233101-161cd47e91fd h1:nTDtHvHSdCn1m6ITfMRqtOd/9+7a3s8RBNOZ3eYZzJA=
golang.org/x/net v0.0.0-20180906233101-161cd47e91fd/go.mod h1:mL1N/T3taQHkDXs73rZJwtUhF3w3ftmwwsq0BUmARs4=
golang.org/x/net v0.0.0-20220722155237-a158d28d115b h1:PxfKdU9lEEDYjdIzOtC4qFWgkU2rGHdKlKowJSMN9h0=
golang.org/x/net v0.0.0-20220722155237-a158d28d115b/go.mod h1:XRhObCWvk6IyKnWLug+ECip1KBveYUHfp+8e9klMJ9c=
golang.org/x/sync v0.0.0-20180314180146-1d60e4601c6f/go.mod h1:RxMgew5VJxzue5/jJTE5uejpjVlOe/izrB70Jof72aM=
golang.org/x/sync v0.0.0-20181221193216-37e7f081c4d4/go.mod h1:RxMgew5VJxzue5/jJTE5uejpjVlOe/izrB70Jof72aM=
golang.org/x/sync v0.0.0-20201207232520-09787c993a3a/go.mod h1:RxMgew5VJxzue5/jJTE5uejpjVlOe/izrB70Jof72aM=
golang.org/x/sys v0.0.0-20180909124046-d0be0721c37e/go.mod h1:STP8DvDyc/dI5b8T5hshtkjS+E42TnysNCUPdjciGhY=
golang.org/x/sys v0.0.0-20190813064441-fde4db37ae7a/go.mod h1:h1NjWce9XRLGQEsW7wpKNCjG9DtNlClVuFLEZdDNbEs=
golang.org/x/sys v0.0.0-20191025021431-6c3a3bfe00ae/go.mod h1:h1NjWce9XRLGQEsW7wpKNCjG9DtNlClVuFLEZdDNbEs=
golang.org/x/sys v0.0.0-20191026070338-33540a1f6037 h1:YyJpGZS1sBuBCzLAR1VEpK193GlqGZbnPFnPV/5Rsb4=
golang.org/x/sys v0.0.0-20191026070338-33540a1f6037/go.mod h1:h1NjWce9XRLGQEsW7wpKNCjG9DtNlClVuFLEZdDNbEs=
golang.org/x/sys v0.0.0-20210124154548-22da62e12c0c/go.mod h1:h1NjWce9XRLGQEsW7wpKNCjG9DtNlClVuFLEZdDNbEs=
golang.org/x/sys v0.0.0-20220715151400-c0bba94af5f8/go.mod h1:oPkhp1MJrh7nUepCBck5+mAzfO9JrbApNNgaTdGDITg=
golang.org/x/sys v0.0.0-20220722155257-8c9f86f7a55f h1:v4INt8xihDGvnrfjMDVXGxw9wrfxYyCjk0KbXjhR55s=
golang.org/x/sys v0.0.0-20220722155257-8c9f86f7a55f/go.mod h1:oPkhp1MJrh7nUepCBck5+mAzfO9JrbApNNgaTdGDITg=
golang.org/x/text v0.3.0/go.mod h1:NqM8EUOU14njkJ3fqMW+pc6Ldnwhi/IjpwHt7yyuwOQ=
golang.org/x/xerrors v0.0.0-20191204190536-9bdfabe68543/go.mod h1:I/5z698sn9Ka8TeJc9MKroUUfqBBauWjQqLJ2OPfmY0=
gopkg.in/check.v1 v0.0.0-20161208181325-20d25e280405/go.mod h1:Co6ibVJAznAaIkqp8huTwlJQCZ016jof/cbN4VW5Yz0=
gopkg.in/check.v1 v1.0.0-20180628173108-788fd7840127/go.mod h1:Co6ibVJAznAaIkqp8huTwlJQCZ016jof/cbN4VW5Yz0=
gopkg.in/fsnotify.v1 v1.4.7/go.mod h1:Tz8NjZHkW78fSQdbUxIjBTcgA1z1m8ZHf0WmKUhAMys=
gopkg.in/tomb.v1 v1.0.0-20141024135613-dd632973f1e7/go.mod h1:dt/ZhP58zS4L8KSrWDmTeBkI65Dw0HsyUHuEVlX15mw=
gopkg.in/yaml.v1 v1.0.0-20140924161607-9f9df34309c0/go.mod h1:WDnlLJ4WF5VGsH/HVa3CI79GS0ol3YnhVnKP89i0kNg=
gopkg.in/yaml.v2 v2.2.1/go.mod h1:hI93XBmqTisBFMUTm0b8Fm+jr3Dg1NNxqwp+5A1VGuI=
gopkg.in/yaml.v3 v3.0.0-20200313102051-9f266ea9e77c h1:dUUwHk2QECo/6vqA44rthZ8ie2QXMNeKRTHCNY2nXvo=
gopkg.in/yaml.v3 v3.0.0-20200313102051-9f266ea9e77c/go.mod h1:K4uyk7z7BCEPqu6E+C64Yfv1cQ7kz7rIZviUmN+EgEM=
howett.net/plist v0.0.0-20181124034731-591f970eefbb h1:jhnBjNi9UFpfpl8YZhA9CrOqpnJdvzuiHsl/dnxl11M=
howett.net/plist v0.0.0-20181124034731-591f970eefbb/go.mod h1:vMygbs4qMhSZSc4lCUl2OEE+rDiIIJAIdR4m7MiMcm0=
howett.net/plist v1.0.0 h1:7CrbWYbPPO/PyNy38b2EB/+gYbjCe2DXBxgtOOZbSQM=
howett.net/plist v1.0.0/go.mod h1:lqaXoTrLY4hg8tnEzNru53gicrbv7rrk+2xJA/7hw9g=
